
Microsoft Visual Studio Solution File, Format Version 12.00
# Visual Studio Version 16
VisualStudioVersion = 16.0.31410.357
MinimumVisualStudioVersion = 10.0.40219.1
Project("{9A19103F-16F7-4668-BE54-9A1E7A4F7556}") = "Events UI", "Events UI.csproj", "{C0AB4991-49DB-47E5-BF32-4A6E43E2C12D}"
EndProject
Project("{FAE04EC0-301F-11D3-BF4B-00C04F79EFBC}") = "Events1.Librery", "..\Events1.Librery\Events1.Librery.csproj", "{C7B000C4-5EFB-4E19-92F9-847EABFF1549}"
EndProject
Global
	GlobalSection(SolutionConfigurationPlatforms) = preSolution
		Debug|Any CPU = Debug|Any CPU
		Release|Any CPU = Release|Any CPU
	EndGlobalSection
	GlobalSection(ProjectConfigurationPlatforms) = postSolution
		{C0AB4991-49DB-47E5-BF32-4A6E43E2C12D}.Debug|Any CPU.ActiveCfg = Debug|Any CPU
		{C0AB4991-49DB-47E5-BF32-4A6E43E2C12D}.Debug|Any CPU.Build.0 = Debug|Any CPU
		{C0AB4991-49DB-47E5-BF32-4A6E43E2C12D}.Release|Any CPU.ActiveCfg = Release|Any CPU
		{C0AB4991-49DB-47E5-BF32-4A6E43E2C12D}.Release|Any CPU.Build.0 = Release|Any CPU
		{C7B000C4-5EFB-4E19-92F9-847EABFF1549}.Debug|Any CPU.ActiveCfg = Debug|Any CPU
		{C7B000C4-5EFB-4E19-92F9-847EABFF1549}.Debug|Any CPU.Build.0 = Debug|Any CPU
		{C7B000C4-5EFB-4E19-92F9-847EABFF1549}.Release|Any CPU.ActiveCfg = Release|Any CPU
		{C7B000C4-5EFB-4E19-92F9-847EABFF1549}.Release|Any CPU.Build.0 = Release|Any CPU
	EndGlobalSection
	GlobalSection(SolutionProperties) = preSolution
		HideSolutionNode = FALSE
	EndGlobalSection
	GlobalSection(ExtensibilityGlobals) = postSolution
		SolutionGuid = {041682E5-B081-4482-9AB2-367E3B3812EB}
	EndGlobalSection
EndGlobal
